
Microsoft Visual Studio Solution File, Format Version 12.00
# Visual Studio Version 17
VisualStudioVersion = 17.6.33829.357
MinimumVisualStudioVersion = 10.0.40219.1
Project("{2150E333-8FDC-42A3-9474-1A3956D46DE8}") = "test", "test", "{5201DE77-4016-4246-93FC-84029D3BB82A}"
EndProject
Project("{9A19103F-16F7-4668-BE54-9A1E7A4F7556}") = "Sidecar.DeleteOperationRunner.Tests", "test\Sidecar.DeleteOperationRunner.Tests\Sidecar.DeleteOperationRunner.Tests.csproj", "{F226A0CF-EF1F-4096-BF05-73CDE11A298E}"
EndProject
Project("{9A19103F-16F7-4668-BE54-9A1E7A4F7556}") = "Sidecar.DeleteOperationRunner", "src\Sidecar.DeleteOperationRunner\Sidecar.DeleteOperationRunner.csproj", "{56724B03-774C-4FF0-8AEB-6370373D3761}"
EndProject
Project("{9A19103F-16F7-4668-BE54-9A1E7A4F7556}") = "Sidecar.QueryRunner", "src\Sidecar.QueryRunner\Sidecar.QueryRunner.csproj", "{A0C4BD25-DA5A-4057-8F4C-6B5D9EF16A51}"
EndProject
Project("{2150E333-8FDC-42A3-9474-1A3956D46DE8}") = "src", "src", "{E305CA0B-4A49-4392-8104-F9A23D3D7A07}"
EndProject
Project("{9A19103F-16F7-4668-BE54-9A1E7A4F7556}") = "Sidecar.Common", "src\Sidecar.Common\Sidecar.Common.csproj", "{348BC459-97DB-4F68-B0F7-973C0CC38155}"
EndProject
Project("{FAE04EC0-301F-11D3-BF4B-00C04F79EFBC}") = "Sidecar.Common.Tests", "test\Sidecar.Common.Tests\Sidecar.Common.Tests.csproj", "{F50D214B-A410-4168-A8CB-DD244C286926}"
EndProject
Project("{FAE04EC0-301F-11D3-BF4B-00C04F79EFBC}") = "Sidecar.ComputeSizeRunner", "src\Sidecar.ComputeSizeRunner\Sidecar.ComputeSizeRunner.csproj", "{A60A70F2-C112-4E6D-8EAF-7C815F247384}"
EndProject
Project("{FAE04EC0-301F-11D3-BF4B-00C04F79EFBC}") = "Sidecar.ComputeSizeOperationRunner.Tests", "test\Sidecar.ComputeSizeOperationRunner.Tests\Sidecar.ComputeSizeOperationRunner.Tests.csproj", "{E6209281-1507-4D62-A388-6EEDA062A007}"
EndProject
Project("{FAE04EC0-301F-11D3-BF4B-00C04F79EFBC}") = "Sidecar.ChangeTierRunner", "src\Sidecar.ChangeTierRunner\Sidecar.ChangeTierRunner.csproj", "{11FA1FDE-65C8-4531-8B95-EAFD2647E20B}"
EndProject
Global
	GlobalSection(SolutionConfigurationPlatforms) = preSolution
		Debug|Any CPU = Debug|Any CPU
		Release|Any CPU = Release|Any CPU
	EndGlobalSection
	GlobalSection(ProjectConfigurationPlatforms) = postSolution
		{F226A0CF-EF1F-4096-BF05-73CDE11A298E}.Debug|Any CPU.ActiveCfg = Debug|Any CPU
		{F226A0CF-EF1F-4096-BF05-73CDE11A298E}.Debug|Any CPU.Build.0 = Debug|Any CPU
		{F226A0CF-EF1F-4096-BF05-73CDE11A298E}.Release|Any CPU.ActiveCfg = Release|Any CPU
		{F226A0CF-EF1F-4096-BF05-73CDE11A298E}.Release|Any CPU.Build.0 = Release|Any CPU
		{56724B03-774C-4FF0-8AEB-6370373D3761}.Debug|Any CPU.ActiveCfg = Debug|Any CPU
		{56724B03-774C-4FF0-8AEB-6370373D3761}.Debug|Any CPU.Build.0 = Debug|Any CPU
		{56724B03-774C-4FF0-8AEB-6370373D3761}.Release|Any CPU.ActiveCfg = Release|Any CPU
		{56724B03-774C-4FF0-8AEB-6370373D3761}.Release|Any CPU.Build.0 = Release|Any CPU
		{A0C4BD25-DA5A-4057-8F4C-6B5D9EF16A51}.Debug|Any CPU.ActiveCfg = Debug|Any CPU
		{A0C4BD25-DA5A-4057-8F4C-6B5D9EF16A51}.Debug|Any CPU.Build.0 = Debug|Any CPU
		{A0C4BD25-DA5A-4057-8F4C-6B5D9EF16A51}.Release|Any CPU.ActiveCfg = Release|Any CPU
		{A0C4BD25-DA5A-4057-8F4C-6B5D9EF16A51}.Release|Any CPU.Build.0 = Release|Any CPU
		{348BC459-97DB-4F68-B0F7-973C0CC38155}.Debug|Any CPU.ActiveCfg = Debug|Any CPU
		{348BC459-97DB-4F68-B0F7-973C0CC38155}.Debug|Any CPU.Build.0 = Debug|Any CPU
		{348BC459-97DB-4F68-B0F7-973C0CC38155}.Release|Any CPU.ActiveCfg = Release|Any CPU
		{348BC459-97DB-4F68-B0F7-973C0CC38155}.Release|Any CPU.Build.0 = Release|Any CPU
		{F50D214B-A410-4168-A8CB-DD244C286926}.Debug|Any CPU.ActiveCfg = Debug|Any CPU
		{F50D214B-A410-4168-A8CB-DD244C286926}.Debug|Any CPU.Build.0 = Debug|Any CPU
		{F50D214B-A410-4168-A8CB-DD244C286926}.Release|Any CPU.ActiveCfg = Release|Any CPU
		{F50D214B-A410-4168-A8CB-DD244C286926}.Release|Any CPU.Build.0 = Release|Any CPU
		{A60A70F2-C112-4E6D-8EAF-7C815F247384}.Debug|Any CPU.ActiveCfg = Debug|Any CPU
		{A60A70F2-C112-4E6D-8EAF-7C815F247384}.Debug|Any CPU.Build.0 = Debug|Any CPU
		{A60A70F2-C112-4E6D-8EAF-7C815F247384}.Release|Any CPU.ActiveCfg = Release|Any CPU
		{A60A70F2-C112-4E6D-8EAF-7C815F247384}.Release|Any CPU.Build.0 = Release|Any CPU
		{E6209281-1507-4D62-A388-6EEDA062A007}.Debug|Any CPU.ActiveCfg = Debug|Any CPU
		{E6209281-1507-4D62-A388-6EEDA062A007}.Debug|Any CPU.Build.0 = Debug|Any CPU
		{E6209281-1507-4D62-A388-6EEDA062A007}.Release|Any CPU.ActiveCfg = Release|Any CPU
		{E6209281-1507-4D62-A388-6EEDA062A007}.Release|Any CPU.Build.0 = Release|Any CPU
		{11FA1FDE-65C8-4531-8B95-EAFD2647E20B}.Debug|Any CPU.ActiveCfg = Debug|Any CPU
		{11FA1FDE-65C8-4531-8B95-EAFD2647E20B}.Debug|Any CPU.Build.0 = Debug|Any CPU
		{11FA1FDE-65C8-4531-8B95-EAFD2647E20B}.Release|Any CPU.ActiveCfg = Release|Any CPU
		{11FA1FDE-65C8-4531-8B95-EAFD2647E20B}.Release|Any CPU.Build.0 = Release|Any CPU
	EndGlobalSection
	GlobalSection(SolutionProperties) = preSolution
		HideSolutionNode = FALSE
	EndGlobalSection
	GlobalSection(NestedProjects) = preSolution
		{F226A0CF-EF1F-4096-BF05-73CDE11A298E} = {5201DE77-4016-4246-93FC-84029D3BB82A}
		{348BC459-97DB-4F68-B0F7-973C0CC38155} = {E305CA0B-4A49-4392-8104-F9A23D3D7A07}
		{F50D214B-A410-4168-A8CB-DD244C286926} = {5201DE77-4016-4246-93FC-84029D3BB82A}
		{E6209281-1507-4D62-A388-6EEDA062A007} = {5201DE77-4016-4246-93FC-84029D3BB82A}
	EndGlobalSection
	GlobalSection(ExtensibilityGlobals) = postSolution
		SolutionGuid = {F86AFB76-E279-47DC-B14A-E19827C16E86}
	EndGlobalSection
EndGlobal
