Microsoft Visual Studio Solution File, Format Version 12.00
# Visual Studio Version 17
VisualStudioVersion = 17.6.33829.357
MinimumVisualStudioVersion = 10.0.40219.1
Project("{2150E333-8FDC-42A3-9474-1A3956D46DE8}") = "Tests", "Tests", "{5201DE77-4016-4246-93FC-84029D3BB82A}"
EndProject
Project("{9A19103F-16F7-4668-BE54-9A1E7A4F7556}") = "Sidecar.DeleteOperationRunner.Tests", "test\Sidecar.DeleteOperationRunner.Tests\Sidecar.DeleteOperationRunner.Tests.csproj", "{F226A0CF-EF1F-4096-BF05-73CDE11A298E}"
EndProject
Project("{9A19103F-16F7-4668-BE54-9A1E7A4F7556}") = "Sidecar.DeleteOperationRunner", "src\Sidecar.DeleteOperationRunner\Sidecar.DeleteOperationRunner.csproj", "{56724B03-774C-4FF0-8AEB-6370373D3761}"
EndProject
Project("{9A19103F-16F7-4668-BE54-9A1E7A4F7556}") = "Sidecar.QueryRunner", "src\Sidecar.QueryRunner\Sidecar.QueryRunner.csproj", "{A0C4BD25-DA5A-4057-8F4C-6B5D9EF16A51}"
EndProject
Global
	GlobalSection(SolutionConfigurationPlatforms) = preSolution
		Debug|Any CPU = Debug|Any CPU
		Release|Any CPU = Release|Any CPU
	EndGlobalSection
	GlobalSection(ProjectConfigurationPlatforms) = postSolution
		{F226A0CF-EF1F-4096-BF05-73CDE11A298E}.Debug|Any CPU.ActiveCfg = Debug|Any CPU
		{F226A0CF-EF1F-4096-BF05-73CDE11A298E}.Debug|Any CPU.Build.0 = Debug|Any CPU
		{F226A0CF-EF1F-4096-BF05-73CDE11A298E}.Release|Any CPU.ActiveCfg = Release|Any CPU
		{F226A0CF-EF1F-4096-BF05-73CDE11A298E}.Release|Any CPU.Build.0 = Release|Any CPU
		{56724B03-774C-4FF0-8AEB-6370373D3761}.Debug|Any CPU.ActiveCfg = Debug|Any CPU
		{56724B03-774C-4FF0-8AEB-6370373D3761}.Debug|Any CPU.Build.0 = Debug|Any CPU
		{56724B03-774C-4FF0-8AEB-6370373D3761}.Release|Any CPU.ActiveCfg = Release|Any CPU
		{56724B03-774C-4FF0-8AEB-6370373D3761}.Release|Any CPU.Build.0 = Release|Any CPU
		{A0C4BD25-DA5A-4057-8F4C-6B5D9EF16A51}.Debug|Any CPU.ActiveCfg = Debug|Any CPU
		{A0C4BD25-DA5A-4057-8F4C-6B5D9EF16A51}.Debug|Any CPU.Build.0 = Debug|Any CPU
		{A0C4BD25-DA5A-4057-8F4C-6B5D9EF16A51}.Release|Any CPU.ActiveCfg = Release|Any CPU
		{A0C4BD25-DA5A-4057-8F4C-6B5D9EF16A51}.Release|Any CPU.Build.0 = Release|Any CPU
	EndGlobalSection
	GlobalSection(SolutionProperties) = preSolution
		HideSolutionNode = FALSE
	EndGlobalSection
	GlobalSection(NestedProjects) = preSolution
		{F226A0CF-EF1F-4096-BF05-73CDE11A298E} = {5201DE77-4016-4246-93FC-84029D3BB82A}
	EndGlobalSection
	GlobalSection(ExtensibilityGlobals) = postSolution
		SolutionGuid = {F86AFB76-E279-47DC-B14A-E19827C16E86}
	EndGlobalSection
EndGlobal
